<?xml version="1.0" encoding="utf-8"?>
<Project ToolsVersion="4.0" xmlns="http://schemas.microsoft.com/developer/msbuild/2003">
  <ItemGroup>
    <Filter Include="libs">
      <UniqueIdentifier>{34b95dff-10fe-4c3b-b2e8-8c9cf55c655e}</UniqueIdentifier>
    </Filter>
    <Filter Include="libs-win">
      <UniqueIdentifier>{6b212ff3-f4d6-4375-b9c8-1f1eda8b1a94}</UniqueIdentifier>
    </Filter>
    <Filter Include="core">
      <UniqueIdentifier>{feadd0e7-1814-4acf-8501-072e28f6762f}</UniqueIdentifier>
    </Filter>
  </ItemGroup>
  <ItemGroup>
    <Text Include="..\libs\license.txt">
      <Filter>libs</Filter>
    </Text>
  </ItemGroup>
  <ItemGroup>
    <ClCompile Include="..\libs\instrset_detect.cpp">
      <Filter>libs</Filter>
    </ClCompile>
    <ClCompile Include="..\core\io_service.cpp">
      <Filter>core</Filter>
    </ClCompile>
    <ClCompile Include="..\core\lcsbp.cpp">
      <Filter>core</Filter>
    </ClCompile>
    <ClCompile Include="..\core\lcsbp_avx.cpp">
      <Filter>core</Filter>
    </ClCompile>
    <ClCompile Include="..\core\lcsbp_avx2.cpp">
      <Filter>core</Filter>
    </ClCompile>
    <ClCompile Include="..\core\lcsbp_classic.cpp">
      <Filter>core</Filter>
    </ClCompile>
    <ClCompile Include="..\core\msa.cpp">
      <Filter>core</Filter>
    </ClCompile>
    <ClCompile Include="..\core\profile.cpp">
      <Filter>core</Filter>
    </ClCompile>
    <ClCompile Include="..\core\queues.cpp">
      <Filter>core</Filter>
    </ClCompile>
    <ClCompile Include="..\core\sequence.cpp">
      <Filter>core</Filter>
    </ClCompile>
    <ClCompile Include="..\core\timer.cpp">
      <Filter>core</Filter>
    </ClCompile>
    <ClCompile Include="famsa_cpu.cpp" />
    <ClCompile Include="..\core\NewickTree.cpp">
      <Filter>core</Filter>
    </ClCompile>
    <ClCompile Include="..\core\guide_tree.cpp">
      <Filter>core</Filter>
    </ClCompile>
    <ClCompile Include="..\core\log.cpp">
      <Filter>core</Filter>
    </ClCompile>
  </ItemGroup>
  <ItemGroup>
    <ClInclude Include="..\core\defs.h">
      <Filter>core</Filter>
    </ClInclude>
    <ClInclude Include="..\core\lcsbp_avx2.h">
      <Filter>core</Filter>
    </ClInclude>
    <ClInclude Include="..\core\lcsbp_classic.h">
      <Filter>core</Filter>
    </ClInclude>
    <ClInclude Include="..\core\msa.h">
      <Filter>core</Filter>
    </ClInclude>
    <ClInclude Include="..\core\params.h">
      <Filter>core</Filter>
    </ClInclude>
    <ClInclude Include="..\core\profile.h">
      <Filter>core</Filter>
    </ClInclude>
    <ClInclude Include="..\core\sequence.h">
      <Filter>core</Filter>
    </ClInclude>
    <ClInclude Include="..\core\timer.h">
      <Filter>core</Filter>
    </ClInclude>
    <ClInclude Include="..\libs\asmlib.h">
      <Filter>libs</Filter>
    </ClInclude>
    <ClInclude Include="..\libs\instrset.h">
      <Filter>libs</Filter>
    </ClInclude>
    <ClInclude Include="..\libs\vectorclass.h">
      <Filter>libs</Filter>
    </ClInclude>
    <ClInclude Include="..\libs\vectorf128.h">
      <Filter>libs</Filter>
    </ClInclude>
    <ClInclude Include="..\libs\vectorf256.h">
      <Filter>libs</Filter>
    </ClInclude>
    <ClInclude Include="..\libs\vectorf256e.h">
      <Filter>libs</Filter>
    </ClInclude>
    <ClInclude Include="..\libs\vectorf512.h">
      <Filter>libs</Filter>
    </ClInclude>
    <ClInclude Include="..\libs\vectorf512e.h">
      <Filter>libs</Filter>
    </ClInclude>
    <ClInclude Include="..\libs\vectori128.h">
      <Filter>libs</Filter>
    </ClInclude>
    <ClInclude Include="..\libs\vectori256.h">
      <Filter>libs</Filter>
    </ClInclude>
    <ClInclude Include="..\libs\vectori256e.h">
      <Filter>libs</Filter>
    </ClInclude>
    <ClInclude Include="..\libs\vectori512.h">
      <Filter>libs</Filter>
    </ClInclude>
    <ClInclude Include="..\libs\vectori512e.h">
      <Filter>libs</Filter>
    </ClInclude>
    <ClInclude Include="..\libs\vectormath_common.h">
      <Filter>libs</Filter>
    </ClInclude>
    <ClInclude Include="..\libs\vectormath_exp.h">
      <Filter>libs</Filter>
    </ClInclude>
    <ClInclude Include="..\libs\vectormath_hyp.h">
      <Filter>libs</Filter>
    </ClInclude>
    <ClInclude Include="..\libs\vectormath_lib.h">
      <Filter>libs</Filter>
    </ClInclude>
    <ClInclude Include="..\libs\vectormath_trig.h">
      <Filter>libs</Filter>
    </ClInclude>
    <ClInclude Include="..\core\meta_oper.h">
      <Filter>core</Filter>
    </ClInclude>
    <ClInclude Include="..\core\queues.h">
      <Filter>core</Filter>
    </ClInclude>
    <ClInclude Include="..\core\lcsbp_avx.h">
      <Filter>core</Filter>
    </ClInclude>
    <ClInclude Include="..\core\lcsbp.h">
      <Filter>core</Filter>
    </ClInclude>
    <ClInclude Include="..\core\version.h">
      <Filter>core</Filter>
    </ClInclude>
    <ClInclude Include="..\core\io_service.h">
      <Filter>core</Filter>
    </ClInclude>
    <ClInclude Include="..\core\NewickTree.h">
      <Filter>core</Filter>
    </ClInclude>
    <ClInclude Include="..\core\TreeGrammar.h">
      <Filter>core</Filter>
    </ClInclude>
    <ClInclude Include="..\core\guide_tree.h">
      <Filter>core</Filter>
    </ClInclude>
    <ClInclude Include="..\core\log.h">
      <Filter>core</Filter>
    </ClInclude>
    <ClInclude Include="..\core\guide_tree_defs.h">
      <Filter>core</Filter>
    </ClInclude>
    <ClInclude Include="..\core\guide_tree.hpp">
      <Filter>core</Filter>
    </ClInclude>
    <ClInclude Include="..\core\array.h">
      <Filter>core</Filter>
    </ClInclude>
  </ItemGroup>
  <ItemGroup>
    <None Include="..\libs\asmlib-instructions.pdf">
      <Filter>libs</Filter>
    </None>
    <None Include="..\libs\vectorclass.pdf">
      <Filter>libs</Filter>
    </None>
  </ItemGroup>
  <ItemGroup>
    <Object Include="..\libs-win\dispatchpatch64.obj">
      <Filter>libs-win</Filter>
    </Object>
  </ItemGroup>
  <ItemGroup>
    <Library Include="..\libs-win\libacof32.lib">
      <Filter>libs-win</Filter>
    </Library>
    <Library Include="..\libs-win\libacof64.lib">
      <Filter>libs-win</Filter>
    </Library>
  </ItemGroup>
</Project>