<?xml version="1.0" encoding="utf-8"?>
<Project ToolsVersion="4.0" xmlns="http://schemas.microsoft.com/developer/msbuild/2003">
  <ItemGroup>
    <Filter Include="tree">
      <UniqueIdentifier>{ef795228-abf5-48ab-8066-c443301d43ea}</UniqueIdentifier>
    </Filter>
    <Filter Include="core">
      <UniqueIdentifier>{feadd0e7-1814-4acf-8501-072e28f6762f}</UniqueIdentifier>
    </Filter>
    <Filter Include="utils">
      <UniqueIdentifier>{2cea1071-a989-47b3-a25e-f9c804ce945f}</UniqueIdentifier>
    </Filter>
    <Filter Include="lcs">
      <UniqueIdentifier>{263818da-dcee-49b9-9610-b54e00e4d18b}</UniqueIdentifier>
    </Filter>
    <Filter Include="libraries">
      <UniqueIdentifier>{142c24dd-1f53-42a6-b0e5-a9aa8ea15d80}</UniqueIdentifier>
    </Filter>
    <Filter Include="refresh">
      <UniqueIdentifier>{2ddb2997-c4af-4599-823e-f08b2b60f859}</UniqueIdentifier>
    </Filter>
    <Filter Include="simd">
      <UniqueIdentifier>{5a563954-f8ec-4583-a19c-3a1db7df2a0f}</UniqueIdentifier>
    </Filter>
  </ItemGroup>
  <ItemGroup>
    <ClCompile Include="famsa.cpp" />
    <ClCompile Include="msa.cpp" />
    <ClCompile Include="core\io_service.cpp">
      <Filter>core</Filter>
    </ClCompile>
    <ClCompile Include="lcs\lcsbp.cpp">
      <Filter>lcs</Filter>
    </ClCompile>
    <ClCompile Include="lcs\lcsbp_classic.cpp">
      <Filter>lcs</Filter>
    </ClCompile>
    <ClCompile Include="utils\log.cpp">
      <Filter>utils</Filter>
    </ClCompile>
    <ClCompile Include="utils\timer.cpp">
      <Filter>utils</Filter>
    </ClCompile>
    <ClCompile Include="core\profile.cpp">
      <Filter>core</Filter>
    </ClCompile>
    <ClCompile Include="core\queues.cpp">
      <Filter>core</Filter>
    </ClCompile>
    <ClCompile Include="core\sequence.cpp">
      <Filter>core</Filter>
    </ClCompile>
    <ClCompile Include="tree\SingleLinkage.cpp">
      <Filter>tree</Filter>
    </ClCompile>
    <ClCompile Include="tree\UPGMA.cpp">
      <Filter>tree</Filter>
    </ClCompile>
    <ClCompile Include="tree\NewickParser.cpp">
      <Filter>tree</Filter>
    </ClCompile>
    <ClCompile Include="tree\AbstractTreeGenerator.cpp">
      <Filter>tree</Filter>
    </ClCompile>
    <ClCompile Include="tree\GuideTree.cpp">
      <Filter>tree</Filter>
    </ClCompile>
    <ClCompile Include="tree\NeighborJoining.cpp">
      <Filter>tree</Filter>
    </ClCompile>
    <ClCompile Include="tree\Clustering.cpp">
      <Filter>tree</Filter>
    </ClCompile>
    <ClCompile Include="utils\utils.cpp">
      <Filter>utils</Filter>
    </ClCompile>
    <ClCompile Include="tree\FastTree.cpp">
      <Filter>tree</Filter>
    </ClCompile>
    <ClCompile Include="core\profile_par.cpp">
      <Filter>core</Filter>
    </ClCompile>
    <ClCompile Include="core\profile_seq.cpp">
      <Filter>core</Filter>
    </ClCompile>
    <ClCompile Include="tree\MSTPrim.cpp">
      <Filter>tree</Filter>
    </ClCompile>
    <ClCompile Include="tree\DistanceCalculator.cpp">
      <Filter>tree</Filter>
    </ClCompile>
    <ClCompile Include="core\params.cpp">
      <Filter>core</Filter>
    </ClCompile>
    <ClCompile Include="msa_refinement.cpp" />
    <ClCompile Include="..\libs\mimalloc\src\static.c">
      <Filter>libraries</Filter>
    </ClCompile>
    <ClCompile Include="simd\lcsbp_avx_intr.cpp">
      <Filter>simd</Filter>
    </ClCompile>
    <ClCompile Include="simd\lcsbp_avx2_intr.cpp">
      <Filter>simd</Filter>
    </ClCompile>
    <ClCompile Include="simd\lcsbp_avx512_intr.cpp">
      <Filter>simd</Filter>
    </ClCompile>
    <ClCompile Include="simd\lcsbp_neon_intr.cpp">
      <Filter>simd</Filter>
    </ClCompile>
    <ClCompile Include="simd\utils_avx.cpp">
      <Filter>simd</Filter>
    </ClCompile>
    <ClCompile Include="simd\utils_avx2.cpp">
      <Filter>simd</Filter>
    </ClCompile>
    <ClCompile Include="simd\utils_neon.cpp">
      <Filter>simd</Filter>
    </ClCompile>
  </ItemGroup>
  <ItemGroup>
    <ClInclude Include="msa.h" />
    <ClInclude Include="utils\array.h">
      <Filter>utils</Filter>
    </ClInclude>
    <ClInclude Include="core\defs.h">
      <Filter>core</Filter>
    </ClInclude>
    <ClInclude Include="core\io_service.h">
      <Filter>core</Filter>
    </ClInclude>
    <ClInclude Include="lcs\lcsbp.h">
      <Filter>lcs</Filter>
    </ClInclude>
    <ClInclude Include="lcs\lcsbp_classic.h">
      <Filter>lcs</Filter>
    </ClInclude>
    <ClInclude Include="utils\log.h">
      <Filter>utils</Filter>
    </ClInclude>
    <ClInclude Include="utils\meta_oper.h">
      <Filter>utils</Filter>
    </ClInclude>
    <ClInclude Include="utils\timer.h">
      <Filter>utils</Filter>
    </ClInclude>
    <ClInclude Include="core\params.h">
      <Filter>core</Filter>
    </ClInclude>
    <ClInclude Include="core\profile.h">
      <Filter>core</Filter>
    </ClInclude>
    <ClInclude Include="core\queues.h">
      <Filter>core</Filter>
    </ClInclude>
    <ClInclude Include="core\sequence.h">
      <Filter>core</Filter>
    </ClInclude>
    <ClInclude Include="core\version.h">
      <Filter>core</Filter>
    </ClInclude>
    <ClInclude Include="tree\AbstractTreeGenerator.h">
      <Filter>tree</Filter>
    </ClInclude>
    <ClInclude Include="tree\AbstractTreeGenerator.hpp">
      <Filter>tree</Filter>
    </ClInclude>
    <ClInclude Include="tree\SingleLinkage.h">
      <Filter>tree</Filter>
    </ClInclude>
    <ClInclude Include="tree\UPGMA.h">
      <Filter>tree</Filter>
    </ClInclude>
    <ClInclude Include="tree\IPartialGenerator.h">
      <Filter>tree</Filter>
    </ClInclude>
    <ClInclude Include="tree\Chained.h">
      <Filter>tree</Filter>
    </ClInclude>
    <ClInclude Include="tree\NewickParser.h">
      <Filter>tree</Filter>
    </ClInclude>
    <ClInclude Include="tree\TreeDefs.h">
      <Filter>tree</Filter>
    </ClInclude>
    <ClInclude Include="tree\GuideTree.h">
      <Filter>tree</Filter>
    </ClInclude>
    <ClInclude Include="utils\deterministic_random.h">
      <Filter>utils</Filter>
    </ClInclude>
    <ClInclude Include="tree\Clustering.h">
      <Filter>tree</Filter>
    </ClInclude>
    <ClInclude Include="tree\NeighborJoining.h">
      <Filter>tree</Filter>
    </ClInclude>
    <ClInclude Include="utils\utils.h">
      <Filter>utils</Filter>
    </ClInclude>
    <ClInclude Include="utils\cpuid.h">
      <Filter>utils</Filter>
    </ClInclude>
    <ClInclude Include="tree\FastTree.h">
      <Filter>tree</Filter>
    </ClInclude>
    <ClInclude Include="tree\MSTPrim.h">
      <Filter>tree</Filter>
    </ClInclude>
    <ClInclude Include="tree\DistanceCalculator.h">
      <Filter>tree</Filter>
    </ClInclude>
    <ClInclude Include="utils\conversion.h">
      <Filter>utils</Filter>
    </ClInclude>
    <ClInclude Include="tree\SingleLinkageQueue.h">
      <Filter>tree</Filter>
    </ClInclude>
    <ClInclude Include="utils\statistics.h">
      <Filter>utils</Filter>
    </ClInclude>
    <ClInclude Include="utils\memory_monotonic.h">
      <Filter>utils</Filter>
    </ClInclude>
    <ClInclude Include="core\scoring_matrix.h">
      <Filter>core</Filter>
    </ClInclude>
    <ClInclude Include="..\libs\refresh\active_thread_pool\lib\active_thread_pool.h">
      <Filter>refresh</Filter>
    </ClInclude>
    <ClInclude Include="..\libs\refresh\active_thread_pool\lib\utils.h">
      <Filter>refresh</Filter>
    </ClInclude>
    <ClInclude Include="simd\lcsbp_avx_intr.h">
      <Filter>simd</Filter>
    </ClInclude>
    <ClInclude Include="simd\lcsbp_avx2_intr.h">
      <Filter>simd</Filter>
    </ClInclude>
    <ClInclude Include="simd\lcsbp_avx512_intr.h">
      <Filter>simd</Filter>
    </ClInclude>
    <ClInclude Include="simd\lcsbp_neon_intr.h">
      <Filter>simd</Filter>
    </ClInclude>
  </ItemGroup>
</Project>